
Microsoft Visual Studio Solution File, Format Version 12.00
# Visual Studio 15
VisualStudioVersion = 15.0.27130.2024
MinimumVisualStudioVersion = 10.0.40219.1
Project("{FAE04EC0-301F-11D3-BF4B-00C04F79EFBC}") = "PrimeCalculator", "PrimeCalculator\PrimeCalculator.csproj", "{3559EF3F-15D6-47EA-A599-1A5DE85D4D4C}"
EndProject
Global
	GlobalSection(SolutionConfigurationPlatforms) = preSolution
		Debug|Any CPU = Debug|Any CPU
		Release|Any CPU = Release|Any CPU
	EndGlobalSection
	GlobalSection(ProjectConfigurationPlatforms) = postSolution
		{3559EF3F-15D6-47EA-A599-1A5DE85D4D4C}.Debug|Any CPU.ActiveCfg = Debug|Any CPU
		{3559EF3F-15D6-47EA-A599-1A5DE85D4D4C}.Debug|Any CPU.Build.0 = Debug|Any CPU
		{3559EF3F-15D6-47EA-A599-1A5DE85D4D4C}.Release|Any CPU.ActiveCfg = Release|Any CPU
		{3559EF3F-15D6-47EA-A599-1A5DE85D4D4C}.Release|Any CPU.Build.0 = Release|Any CPU
	EndGlobalSection
	GlobalSection(SolutionProperties) = preSolution
		HideSolutionNode = FALSE
	EndGlobalSection
	GlobalSection(ExtensibilityGlobals) = postSolution
		SolutionGuid = {1ADF0A14-CF7F-4FE4-BA8A-5A9300B2CE52}
	EndGlobalSection
EndGlobal
